
Microsoft Visual Studio Solution File, Format Version 12.00
# Visual Studio 15
VisualStudioVersion = 15.0.28307.1231
MinimumVisualStudioVersion = 10.0.40219.1
Project("{FAE04EC0-301F-11D3-BF4B-00C04F79EFBC}") = "OperaHouse-Assignment5", "OperaHouse-Assignment5\OperaHouse-Assignment5.csproj", "{B3E8B5CF-8389-403B-84FB-52F951A865BC}"
EndProject
Project("{FAE04EC0-301F-11D3-BF4B-00C04F79EFBC}") = "OperaTesting", "OperaTesting\OperaTesting.csproj", "{CE834978-9FA7-4266-A274-22AD5E54E36F}"
EndProject
Global
	GlobalSection(SolutionConfigurationPlatforms) = preSolution
		Debug|Any CPU = Debug|Any CPU
		Release|Any CPU = Release|Any CPU
	EndGlobalSection
	GlobalSection(ProjectConfigurationPlatforms) = postSolution
		{B3E8B5CF-8389-403B-84FB-52F951A865BC}.Debug|Any CPU.ActiveCfg = Debug|Any CPU
		{B3E8B5CF-8389-403B-84FB-52F951A865BC}.Debug|Any CPU.Build.0 = Debug|Any CPU
		{B3E8B5CF-8389-403B-84FB-52F951A865BC}.Release|Any CPU.ActiveCfg = Release|Any CPU
		{B3E8B5CF-8389-403B-84FB-52F951A865BC}.Release|Any CPU.Build.0 = Release|Any CPU
		{CE834978-9FA7-4266-A274-22AD5E54E36F}.Debug|Any CPU.ActiveCfg = Debug|Any CPU
		{CE834978-9FA7-4266-A274-22AD5E54E36F}.Debug|Any CPU.Build.0 = Debug|Any CPU
		{CE834978-9FA7-4266-A274-22AD5E54E36F}.Release|Any CPU.ActiveCfg = Release|Any CPU
		{CE834978-9FA7-4266-A274-22AD5E54E36F}.Release|Any CPU.Build.0 = Release|Any CPU
	EndGlobalSection
	GlobalSection(SolutionProperties) = preSolution
		HideSolutionNode = FALSE
	EndGlobalSection
	GlobalSection(ExtensibilityGlobals) = postSolution
		SolutionGuid = {33BAC667-3D4C-4237-B7F0-FABC48D482D1}
	EndGlobalSection
EndGlobal
